# Generated by buf. DO NOT EDIT.
version: v1
deps:
  - remote: buf.build
    owner: googleapis
    repository: googleapis
    commit: 28151c0d0a1641bf938a7672c500e01d
    digest: shake256:49215edf8ef57f7863004539deff8834cfb2195113f0b890dd1f67815d9353e28e668019165b9d872395871eeafcbab3ccfdb2b5f11734d3cca95be9e8d139de
  - remote: buf.build
    owner: morvencao
    repository: cloudevents
    commit: 54f31a6308d847dd87d9fcd15a46db5b
    digest: shake256:c1866312724aef3b9f98f9af4ab721a71ed4dca75dbe862ca0e07b2b8712230e94c41ed8f654ebeb512e8d1ece4d5d23d6047ba2b9e1e615e2769075b759c463
